
Microsoft Visual Studio Solution File, Format Version 12.00
# Visual Studio Version 17
VisualStudioVersion = 17.0.31710.8
MinimumVisualStudioVersion = 10.0.40219.1
Project("{FAE04EC0-301F-11D3-BF4B-00C04F79EFBC}") = "Izbirkom21", "Izbirkom21\Izbirkom21.csproj", "{406F57B4-06F9-49EB-B836-9596641E3220}"
EndProject
Project("{9A19103F-16F7-4668-BE54-9A1E7A4F7556}") = "OpenFont", "OpenFont\OpenFont.csproj", "{042710D0-13D9-4C49-89F3-6B6D59F107D6}"
EndProject
Global
	GlobalSection(SolutionConfigurationPlatforms) = preSolution
		Debug|Any CPU = Debug|Any CPU
		Release|Any CPU = Release|Any CPU
	EndGlobalSection
	GlobalSection(ProjectConfigurationPlatforms) = postSolution
		{406F57B4-06F9-49EB-B836-9596641E3220}.Debug|Any CPU.ActiveCfg = Debug|Any CPU
		{406F57B4-06F9-49EB-B836-9596641E3220}.Debug|Any CPU.Build.0 = Debug|Any CPU
		{406F57B4-06F9-49EB-B836-9596641E3220}.Release|Any CPU.ActiveCfg = Release|Any CPU
		{406F57B4-06F9-49EB-B836-9596641E3220}.Release|Any CPU.Build.0 = Release|Any CPU
		{042710D0-13D9-4C49-89F3-6B6D59F107D6}.Debug|Any CPU.ActiveCfg = Debug|Any CPU
		{042710D0-13D9-4C49-89F3-6B6D59F107D6}.Debug|Any CPU.Build.0 = Debug|Any CPU
		{042710D0-13D9-4C49-89F3-6B6D59F107D6}.Release|Any CPU.ActiveCfg = Release|Any CPU
		{042710D0-13D9-4C49-89F3-6B6D59F107D6}.Release|Any CPU.Build.0 = Release|Any CPU
	EndGlobalSection
	GlobalSection(SolutionProperties) = preSolution
		HideSolutionNode = FALSE
	EndGlobalSection
	GlobalSection(ExtensibilityGlobals) = postSolution
		SolutionGuid = {95430CAB-205F-4820-9138-1A9593AD0D55}
	EndGlobalSection
EndGlobal
